{
  "version": 4,
  "terraform_version": "1.16.2",
  "serial": 1,
  "lineage": "7cc641d4-c36c-1b95-e63f-9793427162da",
  "outputs": {},
  "resources": [
    {
      "mode": "managed",
      "type": "aws_vpc",
      "name": "main",
      "provider": "provider[\"registry.terraform.io/hashicorp/aws\"]",
      "instances": [
        {
          "schema_version": 1,
          "attributes": {
            "arn": "arn:aws:ec2:us-east-1:058264063381:vpc/vpc-05e24cbd2d5f87b80",
            "assign_generated_ipv6_cidr_block": false,
            "cidr_block": "10.0.0.0/16",
            "default_network_acl_id": "acl-0019a3064493c8219",
            "default_route_table_id": "rtb-0886b10ea953c34fa",
            "default_security_group_id": "sg-0bacedbbe89b02463",
            "dhcp_options_id": "dopt-04911e18e784b03d7",
            "enable_dns_hostnames": false,
            "enable_dns_support": true,
            "enable_network_address_usage_metrics": false,
            "id": "vpc-05e24cbd2d5f87b80",
            "instance_tenancy": "default",
            "ipv4_ipam_pool_id": null,
            "ipv4_netmask_length": null,
            "ipv6_association_id": "",
            "ipv6_cidr_block": "",
            "ipv6_cidr_block_network_border_group": "",
            "ipv6_ipam_pool_id": "",
            "ipv6_netmask_length": 0,
            "main_route_table_id": "rtb-0886b10ea953c34fa",
            "owner_id": "058264063381",
            "region": "us-east-1",
            "tags": {
              "Name": "aws-automation-deployment-vpc"
            },
            "tags_all": {
              "Name": "aws-automation-deployment-vpc"
            }
          },
          "sensitive_attributes": [],
          "identity_schema_version": 0,
          "identity": {
            "account_id": "058264063381",
            "id": "vpc-05e24cbd2d5f87b80",
            "region": "us-east-1"
          },
          "private": "eyJzY2hlbWFfdmVyc2lvbiI6IjEifQ=="
        }
      ]
    }
  ],
  "check_results": null
}
